
Microsoft Visual Studio Solution File, Format Version 12.00
# Visual Studio 15
VisualStudioVersion = 15.0.27428.2027
MinimumVisualStudioVersion = 10.0.40219.1
Project("{FAE04EC0-301F-11D3-BF4B-00C04F79EFBC}") = "ThrdAspMvc6project28april", "ThrdAspMvc6project28april\ThrdAspMvc6project28april.csproj", "{9F52ECC8-25A2-4D62-A3CE-2AC43A5969B4}"
EndProject
Global
	GlobalSection(SolutionConfigurationPlatforms) = preSolution
		Debug|Any CPU = Debug|Any CPU
		Release|Any CPU = Release|Any CPU
	EndGlobalSection
	GlobalSection(ProjectConfigurationPlatforms) = postSolution
		{9F52ECC8-25A2-4D62-A3CE-2AC43A5969B4}.Debug|Any CPU.ActiveCfg = Debug|Any CPU
		{9F52ECC8-25A2-4D62-A3CE-2AC43A5969B4}.Debug|Any CPU.Build.0 = Debug|Any CPU
		{9F52ECC8-25A2-4D62-A3CE-2AC43A5969B4}.Release|Any CPU.ActiveCfg = Release|Any CPU
		{9F52ECC8-25A2-4D62-A3CE-2AC43A5969B4}.Release|Any CPU.Build.0 = Release|Any CPU
	EndGlobalSection
	GlobalSection(SolutionProperties) = preSolution
		HideSolutionNode = FALSE
	EndGlobalSection
	GlobalSection(ExtensibilityGlobals) = postSolution
		SolutionGuid = {B2EC0FE9-5B2F-4A0E-801E-D6F41A910E2D}
	EndGlobalSection
EndGlobal
